
Microsoft Visual Studio Solution File, Format Version 12.00
# Visual Studio 15
VisualStudioVersion = 15.0.27004.2008
MinimumVisualStudioVersion = 10.0.40219.1
Project("{888888A0-9F3D-457C-B088-3A5042F75D52}") = "tob-api", "tob-api.pyproj", "{C4C461D8-6940-49A9-97E7-44F5F727FEC9}"
EndProject
Project("{2150E333-8FDC-42A3-9474-1A3956D46DE8}") = "jenkins", "jenkins", "{0C360F57-D16B-4BE4-AAA6-9CC9678CB663}"
	ProjectSection(SolutionItems) = preProject
		Jenkinsfile = Jenkinsfile
	EndProjectSection
EndProject
Global
	GlobalSection(SolutionConfigurationPlatforms) = preSolution
		Debug|Any CPU = Debug|Any CPU
		Release|Any CPU = Release|Any CPU
	EndGlobalSection
	GlobalSection(ProjectConfigurationPlatforms) = postSolution
		{C4C461D8-6940-49A9-97E7-44F5F727FEC9}.Debug|Any CPU.ActiveCfg = Debug|Any CPU
		{C4C461D8-6940-49A9-97E7-44F5F727FEC9}.Debug|Any CPU.Build.0 = Debug|Any CPU
		{C4C461D8-6940-49A9-97E7-44F5F727FEC9}.Release|Any CPU.ActiveCfg = Release|Any CPU
		{C4C461D8-6940-49A9-97E7-44F5F727FEC9}.Release|Any CPU.Build.0 = Release|Any CPU
	EndGlobalSection
	GlobalSection(SolutionProperties) = preSolution
		HideSolutionNode = FALSE
	EndGlobalSection
	GlobalSection(ExtensibilityGlobals) = postSolution
		SolutionGuid = {0C9D73A2-2627-473C-8F54-F943ACCB2D5B}
	EndGlobalSection
EndGlobal
